
Microsoft Visual Studio Solution File, Format Version 12.00
# Visual Studio Version 16
VisualStudioVersion = 25.0.1706.12
MinimumVisualStudioVersion = 10.0.40219.1
Project("{FAE04EC0-301F-11D3-BF4B-00C04F79EFBC}") = "btk_exam_project_api", "btk_exam_project_api\btk_exam_project_api.csproj", "{F240CB3F-EA21-40B4-A350-220B57230363}"
EndProject
Global
	GlobalSection(SolutionConfigurationPlatforms) = preSolution
		Debug|Any CPU = Debug|Any CPU
		Release|Any CPU = Release|Any CPU
	EndGlobalSection
	GlobalSection(ProjectConfigurationPlatforms) = postSolution
		{F240CB3F-EA21-40B4-A350-220B57230363}.Debug|Any CPU.ActiveCfg = Debug|Any CPU
		{F240CB3F-EA21-40B4-A350-220B57230363}.Debug|Any CPU.Build.0 = Debug|Any CPU
		{F240CB3F-EA21-40B4-A350-220B57230363}.Release|Any CPU.ActiveCfg = Release|Any CPU
		{F240CB3F-EA21-40B4-A350-220B57230363}.Release|Any CPU.Build.0 = Release|Any CPU
	EndGlobalSection
	GlobalSection(SolutionProperties) = preSolution
		HideSolutionNode = FALSE
	EndGlobalSection
	GlobalSection(ExtensibilityGlobals) = postSolution
		SolutionGuid = {90E6AA99-B724-4817-ABEE-828183DA0F64}
	EndGlobalSection
EndGlobal
