
Microsoft Visual Studio Solution File, Format Version 12.00
# Visual Studio Version 17
VisualStudioVersion = 17.5.002.0
MinimumVisualStudioVersion = 10.0.40219.1
Project("{9A19103F-16F7-4668-BE54-9A1E7A4F7556}") = "btk_exam_project_api", "btk_exam_project_api.csproj", "{854148D7-8CC5-4F38-85DD-009895D525F2}"
EndProject
Global
	GlobalSection(SolutionConfigurationPlatforms) = preSolution
		Debug|Any CPU = Debug|Any CPU
		Release|Any CPU = Release|Any CPU
	EndGlobalSection
	GlobalSection(ProjectConfigurationPlatforms) = postSolution
		{854148D7-8CC5-4F38-85DD-009895D525F2}.Debug|Any CPU.ActiveCfg = Debug|Any CPU
		{854148D7-8CC5-4F38-85DD-009895D525F2}.Debug|Any CPU.Build.0 = Debug|Any CPU
		{854148D7-8CC5-4F38-85DD-009895D525F2}.Release|Any CPU.ActiveCfg = Release|Any CPU
		{854148D7-8CC5-4F38-85DD-009895D525F2}.Release|Any CPU.Build.0 = Release|Any CPU
	EndGlobalSection
	GlobalSection(SolutionProperties) = preSolution
		HideSolutionNode = FALSE
	EndGlobalSection
	GlobalSection(ExtensibilityGlobals) = postSolution
		SolutionGuid = {4591EB54-AA36-4A44-8BE0-D0FB811D7806}
	EndGlobalSection
EndGlobal
